schema: '2.0'
stages:
  data_ingestion:
    cmd: python src/data_ingestion.py
    deps:
    - path: src/data_ingestion.py
      hash: md5
      md5: ab4164e32b0cdb68322aca71cc1fbd4b
      size: 3645
    outs:
    - path: data/raw
      hash: md5
      md5: 01d8dc5213c3d74c6d7f9e4043a00c6a.dir
      size: 443700
      nfiles: 2
  data_preprocessing:
    cmd: python src/data_preprocessing.py
    deps:
    - path: data/raw
      hash: md5
      md5: 01d8dc5213c3d74c6d7f9e4043a00c6a.dir
      size: 443700
      nfiles: 2
    - path: src/data_preprocessing.py
      hash: md5
      md5: a76133a9080d49c597ac92f06d7374f9
      size: 3623
    outs:
    - path: data/interim
      hash: md5
      md5: ad493571735767b9fa28a5a6d1319d04.dir
      size: 254243
      nfiles: 2
  feature_engineering:
    cmd: python src/feature_engineering.py
    deps:
    - path: data/interim
      hash: md5
      md5: ad493571735767b9fa28a5a6d1319d04.dir
      size: 254243
      nfiles: 2
    - path: src/feature_engineering.py
      hash: md5
      md5: b9dba6a0380b3234cbd61380fcb0df88
      size: 3868
    params:
      params.yaml:
        feature_engineering.max_features: 200
    outs:
    - path: data/processed
      hash: md5
      md5: 13ce4ca5d119c07fc1573b63b3b43f9d.dir
      size: 4417261
      nfiles: 2
  model_building:
    cmd: python src/model_training.py
    deps:
    - path: data/processed
      hash: md5
      md5: ae344e0991b2adfc4ed890c9fa91f5f9.dir
      size: 1161341
      nfiles: 2
    - path: src/model_training.py
      hash: md5
      md5: 89cddf88a558caf4faf882c94a0eb377
      size: 3713
    outs:
    - path: model/model.pkl
      hash: md5
      md5: 731989f394868666c1b3f6ad6c2f0baf
      size: 1007255
  model_evaluation:
    cmd: python src/model_evaluation.py
    deps:
    - path: model/model.pkl
      hash: md5
      md5: 1c30c5ed06c123c9e6beb6c4a03325f1
      size: 2570502
    - path: src/model_evaluation.py
      hash: md5
      md5: 733acb44fe343650d0bdbf8d3696bd1b
      size: 4612
    outs:
    - path: reports/metrics.json
      hash: md5
      md5: 931335750a9280565b38d60a4e4b7c61
      size: 146
  model_training:
    cmd: python src/model_training.py
    deps:
    - path: data/processed
      hash: md5
      md5: 13ce4ca5d119c07fc1573b63b3b43f9d.dir
      size: 4417261
      nfiles: 2
    - path: src/model_training.py
      hash: md5
      md5: da6689839e18597587bc5a1ad228ef60
      size: 4368
    params:
      params.yaml:
        model_training.n_estimators: 40
        model_training.random_state: 42
    outs:
    - path: model/model.pkl
      hash: md5
      md5: 1c30c5ed06c123c9e6beb6c4a03325f1
      size: 2570502
